
Microsoft Visual Studio Solution File, Format Version 12.00
# Visual Studio 15
VisualStudioVersion = 15.0.28307.329
MinimumVisualStudioVersion = 10.0.40219.1
Project("{FAE04EC0-301F-11D3-BF4B-00C04F79EFBC}") = "lemonade stand", "lemonade stand\lemonade stand.csproj", "{5E64B07D-86A8-48C1-9514-F73A743E5DAE}"
EndProject
Global
	GlobalSection(SolutionConfigurationPlatforms) = preSolution
		Debug|Any CPU = Debug|Any CPU
		Release|Any CPU = Release|Any CPU
	EndGlobalSection
	GlobalSection(ProjectConfigurationPlatforms) = postSolution
		{5E64B07D-86A8-48C1-9514-F73A743E5DAE}.Debug|Any CPU.ActiveCfg = Debug|Any CPU
		{5E64B07D-86A8-48C1-9514-F73A743E5DAE}.Debug|Any CPU.Build.0 = Debug|Any CPU
		{5E64B07D-86A8-48C1-9514-F73A743E5DAE}.Release|Any CPU.ActiveCfg = Release|Any CPU
		{5E64B07D-86A8-48C1-9514-F73A743E5DAE}.Release|Any CPU.Build.0 = Release|Any CPU
	EndGlobalSection
	GlobalSection(SolutionProperties) = preSolution
		HideSolutionNode = FALSE
	EndGlobalSection
	GlobalSection(ExtensibilityGlobals) = postSolution
		SolutionGuid = {296A3872-82D1-4205-AE96-E3653B043EA9}
	EndGlobalSection
EndGlobal
